// !$*UTF8*$!
{
	archiveVersion = 1;
	classes = {
	};
	objectVersion = 50;
	objects = {

/* Begin PBXBuildFile section */
		4E032A4422003A8D00BB5C19 /* DefectModalController.xib in Resources */ = {isa = PBXBuildFile; fileRef = 4E032A4322003A8D00BB5C19 /* DefectModalController.xib */; };
		4E032A4622003D4E00BB5C19 /* DefectModalController.swift in Sources */ = {isa = PBXBuildFile; fileRef = 4E032A4522003D4E00BB5C19 /* DefectModalController.swift */; };
		4E2684AB21C7FD2300B776D1 /* TaskPagePresenter.swift in Sources */ = {isa = PBXBuildFile; fileRef = 4E2684A521C7FD2300B776D1 /* TaskPagePresenter.swift */; };
		4E2684AC21C7FD2300B776D1 /* TaskPageWorker.swift in Sources */ = {isa = PBXBuildFile; fileRef = 4E2684A621C7FD2300B776D1 /* TaskPageWorker.swift */; };
		4E2684AD21C7FD2300B776D1 /* TaskPageRouter.swift in Sources */ = {isa = PBXBuildFile; fileRef = 4E2684A721C7FD2300B776D1 /* TaskPageRouter.swift */; };
		4E2684AE21C7FD2300B776D1 /* TaskPageModels.swift in Sources */ = {isa = PBXBuildFile; fileRef = 4E2684A821C7FD2300B776D1 /* TaskPageModels.swift */; };
		4E2684AF21C7FD2300B776D1 /* TaskPageViewController.swift in Sources */ = {isa = PBXBuildFile; fileRef = 4E2684A921C7FD2300B776D1 /* TaskPageViewController.swift */; };
		4E2684B021C7FD2300B776D1 /* TaskPageInteractor.swift in Sources */ = {isa = PBXBuildFile; fileRef = 4E2684AA21C7FD2300B776D1 /* TaskPageInteractor.swift */; };
		4E2D8304227451A800CA778A /* CreateTaskCell.swift in Sources */ = {isa = PBXBuildFile; fileRef = 4E2D8303227451A800CA778A /* CreateTaskCell.swift */; };
		4E3CF27521CA7A0700673C64 /* PhraseCell.swift in Sources */ = {isa = PBXBuildFile; fileRef = 4E3CF27421CA7A0700673C64 /* PhraseCell.swift */; };
		4E3CF27721CA7A1900673C64 /* MetricCell.swift in Sources */ = {isa = PBXBuildFile; fileRef = 4E3CF27621CA7A1900673C64 /* MetricCell.swift */; };
		4E3CF27B21CBB55B00673C64 /* iOSDropDown.framework in Frameworks */ = {isa = PBXBuildFile; fileRef = 4E3CF27A21CBB55B00673C64 /* iOSDropDown.framework */; };
		4E3CF28621CC096C00673C64 /* TaskModalController.xib in Resources */ = {isa = PBXBuildFile; fileRef = 4E3CF28421CC096C00673C64 /* TaskModalController.xib */; };
		4E3CF28721CC096C00673C64 /* TaskModalController.swift in Sources */ = {isa = PBXBuildFile; fileRef = 4E3CF28521CC096C00673C64 /* TaskModalController.swift */; };
		4E452D7D216C8C0F00BBCC34 /* AppDelegate.swift in Sources */ = {isa = PBXBuildFile; fileRef = 4E452D7C216C8C0F00BBCC34 /* AppDelegate.swift */; };
		4E452D84216C8C0F00BBCC34 /* Main.storyboard in Resources */ = {isa = PBXBuildFile; fileRef = 4E452D82216C8C0F00BBCC34 /* Main.storyboard */; };
		4E452D86216C8C1200BBCC34 /* Assets.xcassets in Resources */ = {isa = PBXBuildFile; fileRef = 4E452D85216C8C1200BBCC34 /* Assets.xcassets */; };
		4E452D89216C8C1200BBCC34 /* LaunchScreen.storyboard in Resources */ = {isa = PBXBuildFile; fileRef = 4E452D87216C8C1200BBCC34 /* LaunchScreen.storyboard */; };
		4E452D91216C8CEB00BBCC34 /* GoogleService-Info.plist in Resources */ = {isa = PBXBuildFile; fileRef = 4E452D90216C8CEB00BBCC34 /* GoogleService-Info.plist */; };
		4E537F4A216DC255001F97F1 /* LoginPagePresenter.swift in Sources */ = {isa = PBXBuildFile; fileRef = 4E537F44216DC255001F97F1 /* LoginPagePresenter.swift */; };
		4E537F4B216DC255001F97F1 /* LoginPageWorker.swift in Sources */ = {isa = PBXBuildFile; fileRef = 4E537F45216DC255001F97F1 /* LoginPageWorker.swift */; };
		4E537F4C216DC255001F97F1 /* LoginPageRouter.swift in Sources */ = {isa = PBXBuildFile; fileRef = 4E537F46216DC255001F97F1 /* LoginPageRouter.swift */; };
		4E537F4D216DC255001F97F1 /* LoginPageModels.swift in Sources */ = {isa = PBXBuildFile; fileRef = 4E537F47216DC255001F97F1 /* LoginPageModels.swift */; };
		4E537F4E216DC255001F97F1 /* LoginPageViewController.swift in Sources */ = {isa = PBXBuildFile; fileRef = 4E537F48216DC255001F97F1 /* LoginPageViewController.swift */; };
		4E537F4F216DC255001F97F1 /* LoginPageInteractor.swift in Sources */ = {isa = PBXBuildFile; fileRef = 4E537F49216DC255001F97F1 /* LoginPageInteractor.swift */; };
		4E537F52217057B6001F97F1 /* Helper.swift in Sources */ = {isa = PBXBuildFile; fileRef = 4E537F51217057B6001F97F1 /* Helper.swift */; };
		4E537F67217486EC001F97F1 /* SignupPagePresenter.swift in Sources */ = {isa = PBXBuildFile; fileRef = 4E537F61217486EC001F97F1 /* SignupPagePresenter.swift */; };
		4E537F68217486EC001F97F1 /* SignupPageWorker.swift in Sources */ = {isa = PBXBuildFile; fileRef = 4E537F62217486EC001F97F1 /* SignupPageWorker.swift */; };
		4E537F69217486EC001F97F1 /* SignupPageRouter.swift in Sources */ = {isa = PBXBuildFile; fileRef = 4E537F63217486EC001F97F1 /* SignupPageRouter.swift */; };
		4E537F6A217486EC001F97F1 /* SignupPageModels.swift in Sources */ = {isa = PBXBuildFile; fileRef = 4E537F64217486EC001F97F1 /* SignupPageModels.swift */; };
		4E537F6B217486EC001F97F1 /* SignupPageViewController.swift in Sources */ = {isa = PBXBuildFile; fileRef = 4E537F65217486EC001F97F1 /* SignupPageViewController.swift */; };
		4E537F6C217486EC001F97F1 /* SignupPageInteractor.swift in Sources */ = {isa = PBXBuildFile; fileRef = 4E537F66217486EC001F97F1 /* SignupPageInteractor.swift */; };
		4E537F772175B43C001F97F1 /* LandingPagePresenter.swift in Sources */ = {isa = PBXBuildFile; fileRef = 4E537F712175B43B001F97F1 /* LandingPagePresenter.swift */; };
		4E537F782175B43C001F97F1 /* LandingPageWorker.swift in Sources */ = {isa = PBXBuildFile; fileRef = 4E537F722175B43B001F97F1 /* LandingPageWorker.swift */; };
		4E537F792175B43C001F97F1 /* LandingPageRouter.swift in Sources */ = {isa = PBXBuildFile; fileRef = 4E537F732175B43B001F97F1 /* LandingPageRouter.swift */; };
		4E537F7A2175B43C001F97F1 /* LandingPageModels.swift in Sources */ = {isa = PBXBuildFile; fileRef = 4E537F742175B43B001F97F1 /* LandingPageModels.swift */; };
		4E537F7B2175B43C001F97F1 /* LandingPageViewController.swift in Sources */ = {isa = PBXBuildFile; fileRef = 4E537F752175B43B001F97F1 /* LandingPageViewController.swift */; };
		4E537F7C2175B43C001F97F1 /* LandingPageInteractor.swift in Sources */ = {isa = PBXBuildFile; fileRef = 4E537F762175B43B001F97F1 /* LandingPageInteractor.swift */; };
		4E711F762192BE3200DD8743 /* TemplatesPagePresenter.swift in Sources */ = {isa = PBXBuildFile; fileRef = 4E711F702192BE3200DD8743 /* TemplatesPagePresenter.swift */; };
		4E711F772192BE3200DD8743 /* TemplatesPageWorker.swift in Sources */ = {isa = PBXBuildFile; fileRef = 4E711F712192BE3200DD8743 /* TemplatesPageWorker.swift */; };
		4E711F782192BE3200DD8743 /* TemplatesPageRouter.swift in Sources */ = {isa = PBXBuildFile; fileRef = 4E711F722192BE3200DD8743 /* TemplatesPageRouter.swift */; };
		4E711F792192BE3200DD8743 /* TemplatesPageModels.swift in Sources */ = {isa = PBXBuildFile; fileRef = 4E711F732192BE3200DD8743 /* TemplatesPageModels.swift */; };
		4E711F7A2192BE3200DD8743 /* TemplatesPageViewController.swift in Sources */ = {isa = PBXBuildFile; fileRef = 4E711F742192BE3200DD8743 /* TemplatesPageViewController.swift */; };
		4E711F7B2192BE3200DD8743 /* TemplatesPageInteractor.swift in Sources */ = {isa = PBXBuildFile; fileRef = 4E711F752192BE3200DD8743 /* TemplatesPageInteractor.swift */; };
		4E711F7D2192BE7700DD8743 /* TemplateCell.swift in Sources */ = {isa = PBXBuildFile; fileRef = 4E711F7C2192BE7700DD8743 /* TemplateCell.swift */; };
		4E97CB47225BD82400FE6E52 /* DashboardPresenter.swift in Sources */ = {isa = PBXBuildFile; fileRef = 4E97CB41225BD82400FE6E52 /* DashboardPresenter.swift */; };
		4E97CB48225BD82400FE6E52 /* DashboardWorker.swift in Sources */ = {isa = PBXBuildFile; fileRef = 4E97CB42225BD82400FE6E52 /* DashboardWorker.swift */; };
		4E97CB49225BD82400FE6E52 /* DashboardRouter.swift in Sources */ = {isa = PBXBuildFile; fileRef = 4E97CB43225BD82400FE6E52 /* DashboardRouter.swift */; };
		4E97CB4A225BD82400FE6E52 /* DashboardModels.swift in Sources */ = {isa = PBXBuildFile; fileRef = 4E97CB44225BD82400FE6E52 /* DashboardModels.swift */; };
		4E97CB4B225BD82400FE6E52 /* DashboardViewController.swift in Sources */ = {isa = PBXBuildFile; fileRef = 4E97CB45225BD82400FE6E52 /* DashboardViewController.swift */; };
		4E97CB4C225BD82400FE6E52 /* DashboardInteractor.swift in Sources */ = {isa = PBXBuildFile; fileRef = 4E97CB46225BD82400FE6E52 /* DashboardInteractor.swift */; };
		4E97CB4E225BDECE00FE6E52 /* DashboardCell.swift in Sources */ = {isa = PBXBuildFile; fileRef = 4E97CB4D225BDECE00FE6E52 /* DashboardCell.swift */; };
		4EA68DAC22196B7600D222B1 /* ProducivilityPagePresenter.swift in Sources */ = {isa = PBXBuildFile; fileRef = 4EA68DA622196B7600D222B1 /* ProducivilityPagePresenter.swift */; };
		4EA68DAD22196B7600D222B1 /* ProducivilityPageWorker.swift in Sources */ = {isa = PBXBuildFile; fileRef = 4EA68DA722196B7600D222B1 /* ProducivilityPageWorker.swift */; };
		4EA68DAE22196B7600D222B1 /* ProducivilityPageRouter.swift in Sources */ = {isa = PBXBuildFile; fileRef = 4EA68DA822196B7600D222B1 /* ProducivilityPageRouter.swift */; };
		4EA68DAF22196B7600D222B1 /* ProducivilityPageModels.swift in Sources */ = {isa = PBXBuildFile; fileRef = 4EA68DA922196B7600D222B1 /* ProducivilityPageModels.swift */; };
		4EA68DB022196B7600D222B1 /* ProducivilityPageViewController.swift in Sources */ = {isa = PBXBuildFile; fileRef = 4EA68DAA22196B7600D222B1 /* ProducivilityPageViewController.swift */; };
		4EA68DB122196B7600D222B1 /* ProducivilityPageInteractor.swift in Sources */ = {isa = PBXBuildFile; fileRef = 4EA68DAB22196B7600D222B1 /* ProducivilityPageInteractor.swift */; };
		4EA68DBB223A2B4800D222B1 /* ChartsPresenter.swift in Sources */ = {isa = PBXBuildFile; fileRef = 4EA68DB5223A2B4800D222B1 /* ChartsPresenter.swift */; };
		4EA68DBC223A2B4800D222B1 /* ChartsWorker.swift in Sources */ = {isa = PBXBuildFile; fileRef = 4EA68DB6223A2B4800D222B1 /* ChartsWorker.swift */; };
		4EA68DBD223A2B4800D222B1 /* ChartsRouter.swift in Sources */ = {isa = PBXBuildFile; fileRef = 4EA68DB7223A2B4800D222B1 /* ChartsRouter.swift */; };
		4EA68DBE223A2B4800D222B1 /* ChartsModels.swift in Sources */ = {isa = PBXBuildFile; fileRef = 4EA68DB8223A2B4800D222B1 /* ChartsModels.swift */; };
		4EA68DBF223A2B4800D222B1 /* ChartsViewController.swift in Sources */ = {isa = PBXBuildFile; fileRef = 4EA68DB9223A2B4800D222B1 /* ChartsViewController.swift */; };
		4EA68DC0223A2B4800D222B1 /* ChartsInteractor.swift in Sources */ = {isa = PBXBuildFile; fileRef = 4EA68DBA223A2B4800D222B1 /* ChartsInteractor.swift */; };
		4ED34A25217C744300471D20 /* InitProjectPresenter.swift in Sources */ = {isa = PBXBuildFile; fileRef = 4ED34A1F217C744300471D20 /* InitProjectPresenter.swift */; };
		4ED34A26217C744300471D20 /* InitProjectWorker.swift in Sources */ = {isa = PBXBuildFile; fileRef = 4ED34A20217C744300471D20 /* InitProjectWorker.swift */; };
		4ED34A27217C744300471D20 /* InitProjectRouter.swift in Sources */ = {isa = PBXBuildFile; fileRef = 4ED34A21217C744300471D20 /* InitProjectRouter.swift */; };
		4ED34A28217C744300471D20 /* InitProjectModels.swift in Sources */ = {isa = PBXBuildFile; fileRef = 4ED34A22217C744300471D20 /* InitProjectModels.swift */; };
		4ED34A29217C744300471D20 /* InitProjectViewController.swift in Sources */ = {isa = PBXBuildFile; fileRef = 4ED34A23217C744300471D20 /* InitProjectViewController.swift */; };
		4ED34A2A217C744300471D20 /* InitProjectInteractor.swift in Sources */ = {isa = PBXBuildFile; fileRef = 4ED34A24217C744300471D20 /* InitProjectInteractor.swift */; };
		4ED34A34217C77D300471D20 /* InitSummaryPresenter.swift in Sources */ = {isa = PBXBuildFile; fileRef = 4ED34A2E217C77D300471D20 /* InitSummaryPresenter.swift */; };
		4ED34A35217C77D300471D20 /* InitSummaryWorker.swift in Sources */ = {isa = PBXBuildFile; fileRef = 4ED34A2F217C77D300471D20 /* InitSummaryWorker.swift */; };
		4ED34A36217C77D300471D20 /* InitSummaryRouter.swift in Sources */ = {isa = PBXBuildFile; fileRef = 4ED34A30217C77D300471D20 /* InitSummaryRouter.swift */; };
		4ED34A37217C77D300471D20 /* InitSummaryModels.swift in Sources */ = {isa = PBXBuildFile; fileRef = 4ED34A31217C77D300471D20 /* InitSummaryModels.swift */; };
		4ED34A38217C77D300471D20 /* InitSummaryViewController.swift in Sources */ = {isa = PBXBuildFile; fileRef = 4ED34A32217C77D300471D20 /* InitSummaryViewController.swift */; };
		4ED34A39217C77D300471D20 /* InitSummaryInteractor.swift in Sources */ = {isa = PBXBuildFile; fileRef = 4ED34A33217C77D300471D20 /* InitSummaryInteractor.swift */; };
		4ED34A6121804B9D00471D20 /* AddingCell.swift in Sources */ = {isa = PBXBuildFile; fileRef = 4ED34A6021804B9D00471D20 /* AddingCell.swift */; };
		4ED34A6321804BB200471D20 /* StepCell.swift in Sources */ = {isa = PBXBuildFile; fileRef = 4ED34A6221804BB200471D20 /* StepCell.swift */; };
		4ED34A6B2181C0B500471D20 /* AddProjectDefectsPresenter.swift in Sources */ = {isa = PBXBuildFile; fileRef = 4ED34A652181C0B500471D20 /* AddProjectDefectsPresenter.swift */; };
		4ED34A6C2181C0B500471D20 /* AddProjectDefectsWorker.swift in Sources */ = {isa = PBXBuildFile; fileRef = 4ED34A662181C0B500471D20 /* AddProjectDefectsWorker.swift */; };
		4ED34A6D2181C0B500471D20 /* AddProjectDefectsRouter.swift in Sources */ = {isa = PBXBuildFile; fileRef = 4ED34A672181C0B500471D20 /* AddProjectDefectsRouter.swift */; };
		4ED34A6E2181C0B500471D20 /* AddProjectDefectsModels.swift in Sources */ = {isa = PBXBuildFile; fileRef = 4ED34A682181C0B500471D20 /* AddProjectDefectsModels.swift */; };
		4ED34A6F2181C0B500471D20 /* AddProjectDefectsViewController.swift in Sources */ = {isa = PBXBuildFile; fileRef = 4ED34A692181C0B500471D20 /* AddProjectDefectsViewController.swift */; };
		4ED34A702181C0B500471D20 /* AddProjectDefectsInteractor.swift in Sources */ = {isa = PBXBuildFile; fileRef = 4ED34A6A2181C0B500471D20 /* AddProjectDefectsInteractor.swift */; };
		4ED34A722185B82300471D20 /* ProjectCell.swift in Sources */ = {isa = PBXBuildFile; fileRef = 4ED34A712185B82300471D20 /* ProjectCell.swift */; };
		4EDC04D521878F2A0019DC07 /* ProjectPagePresenter.swift in Sources */ = {isa = PBXBuildFile; fileRef = 4EDC04CF21878F2A0019DC07 /* ProjectPagePresenter.swift */; };
		4EDC04D621878F2A0019DC07 /* ProjectPageWorker.swift in Sources */ = {isa = PBXBuildFile; fileRef = 4EDC04D021878F2A0019DC07 /* ProjectPageWorker.swift */; };
		4EDC04D721878F2A0019DC07 /* ProjectPageRouter.swift in Sources */ = {isa = PBXBuildFile; fileRef = 4EDC04D121878F2A0019DC07 /* ProjectPageRouter.swift */; };
		4EDC04D821878F2A0019DC07 /* ProjectPageModels.swift in Sources */ = {isa = PBXBuildFile; fileRef = 4EDC04D221878F2A0019DC07 /* ProjectPageModels.swift */; };
		4EDC04D921878F2A0019DC07 /* ProjectPageViewController.swift in Sources */ = {isa = PBXBuildFile; fileRef = 4EDC04D321878F2A0019DC07 /* ProjectPageViewController.swift */; };
		4EDC04DA21878F2A0019DC07 /* ProjectPageInteractor.swift in Sources */ = {isa = PBXBuildFile; fileRef = 4EDC04D421878F2A0019DC07 /* ProjectPageInteractor.swift */; };
		4EDC04DC218791B70019DC07 /* TaskCell.swift in Sources */ = {isa = PBXBuildFile; fileRef = 4EDC04DB218791B70019DC07 /* TaskCell.swift */; };
		E6BDBCB2891A8731CA563E8A /* Pods_Improcess.framework in Frameworks */ = {isa = PBXBuildFile; fileRef = 84851F7F64CC28BE7A5141BD /* Pods_Improcess.framework */; };
/* End PBXBuildFile section */

/* Begin PBXFileReference section */
		13EFEEE65834922F5DE4C06D /* Pods-Improcess.debug.xcconfig */ = {isa = PBXFileReference; includeInIndex = 1; lastKnownFileType = text.xcconfig; name = "Pods-Improcess.debug.xcconfig"; path = "Pods/Target Support Files/Pods-Improcess/Pods-Improcess.debug.xcconfig"; sourceTree = "<group>"; };
		4E032A4322003A8D00BB5C19 /* DefectModalController.xib */ = {isa = PBXFileReference; lastKnownFileType = file.xib; path = DefectModalController.xib; sourceTree = "<group>"; };
		4E032A4522003D4E00BB5C19 /* DefectModalController.swift */ = {isa = PBXFileReference; lastKnownFileType = sourcecode.swift; path = DefectModalController.swift; sourceTree = "<group>"; };
		4E2684A521C7FD2300B776D1 /* TaskPagePresenter.swift */ = {isa = PBXFileReference; lastKnownFileType = sourcecode.swift; path = TaskPagePresenter.swift; sourceTree = "<group>"; };
		4E2684A621C7FD2300B776D1 /* TaskPageWorker.swift */ = {isa = PBXFileReference; lastKnownFileType = sourcecode.swift; path = TaskPageWorker.swift; sourceTree = "<group>"; };
		4E2684A721C7FD2300B776D1 /* TaskPageRouter.swift */ = {isa = PBXFileReference; lastKnownFileType = sourcecode.swift; path = TaskPageRouter.swift; sourceTree = "<group>"; };
		4E2684A821C7FD2300B776D1 /* TaskPageModels.swift */ = {isa = PBXFileReference; lastKnownFileType = sourcecode.swift; path = TaskPageModels.swift; sourceTree = "<group>"; };
		4E2684A921C7FD2300B776D1 /* TaskPageViewController.swift */ = {isa = PBXFileReference; lastKnownFileType = sourcecode.swift; path = TaskPageViewController.swift; sourceTree = "<group>"; };
		4E2684AA21C7FD2300B776D1 /* TaskPageInteractor.swift */ = {isa = PBXFileReference; lastKnownFileType = sourcecode.swift; path = TaskPageInteractor.swift; sourceTree = "<group>"; };
		4E2D8303227451A800CA778A /* CreateTaskCell.swift */ = {isa = PBXFileReference; lastKnownFileType = sourcecode.swift; path = CreateTaskCell.swift; sourceTree = "<group>"; };
		4E3CF27421CA7A0700673C64 /* PhraseCell.swift */ = {isa = PBXFileReference; lastKnownFileType = sourcecode.swift; path = PhraseCell.swift; sourceTree = "<group>"; };
		4E3CF27621CA7A1900673C64 /* MetricCell.swift */ = {isa = PBXFileReference; lastKnownFileType = sourcecode.swift; path = MetricCell.swift; sourceTree = "<group>"; };
		4E3CF27A21CBB55B00673C64 /* iOSDropDown.framework */ = {isa = PBXFileReference; explicitFileType = wrapper.framework; path = iOSDropDown.framework; sourceTree = BUILT_PRODUCTS_DIR; };
		4E3CF28421CC096C00673C64 /* TaskModalController.xib */ = {isa = PBXFileReference; fileEncoding = 4; lastKnownFileType = file.xib; path = TaskModalController.xib; sourceTree = "<group>"; };
		4E3CF28521CC096C00673C64 /* TaskModalController.swift */ = {isa = PBXFileReference; fileEncoding = 4; lastKnownFileType = sourcecode.swift; path = TaskModalController.swift; sourceTree = "<group>"; };
		4E452D79216C8C0F00BBCC34 /* Improcess.app */ = {isa = PBXFileReference; explicitFileType = wrapper.application; includeInIndex = 0; path = Improcess.app; sourceTree = BUILT_PRODUCTS_DIR; };
		4E452D7C216C8C0F00BBCC34 /* AppDelegate.swift */ = {isa = PBXFileReference; lastKnownFileType = sourcecode.swift; path = AppDelegate.swift; sourceTree = "<group>"; };
		4E452D83216C8C0F00BBCC34 /* Base */ = {isa = PBXFileReference; lastKnownFileType = file.storyboard; name = Base; path = Base.lproj/Main.storyboard; sourceTree = "<group>"; };
		4E452D85216C8C1200BBCC34 /* Assets.xcassets */ = {isa = PBXFileReference; lastKnownFileType = folder.assetcatalog; path = Assets.xcassets; sourceTree = "<group>"; };
		4E452D88216C8C1200BBCC34 /* Base */ = {isa = PBXFileReference; lastKnownFileType = file.storyboard; name = Base; path = Base.lproj/LaunchScreen.storyboard; sourceTree = "<group>"; };
		4E452D8A216C8C1300BBCC34 /* Info.plist */ = {isa = PBXFileReference; lastKnownFileType = text.plist.xml; path = Info.plist; sourceTree = "<group>"; };
		4E452D90216C8CEB00BBCC34 /* GoogleService-Info.plist */ = {isa = PBXFileReference; fileEncoding = 4; lastKnownFileType = text.plist.xml; path = "GoogleService-Info.plist"; sourceTree = "<group>"; };
		4E537F44216DC255001F97F1 /* LoginPagePresenter.swift */ = {isa = PBXFileReference; lastKnownFileType = sourcecode.swift; path = LoginPagePresenter.swift; sourceTree = "<group>"; };
		4E537F45216DC255001F97F1 /* LoginPageWorker.swift */ = {isa = PBXFileReference; lastKnownFileType = sourcecode.swift; path = LoginPageWorker.swift; sourceTree = "<group>"; };
		4E537F46216DC255001F97F1 /* LoginPageRouter.swift */ = {isa = PBXFileReference; lastKnownFileType = sourcecode.swift; path = LoginPageRouter.swift; sourceTree = "<group>"; };
		4E537F47216DC255001F97F1 /* LoginPageModels.swift */ = {isa = PBXFileReference; lastKnownFileType = sourcecode.swift; path = LoginPageModels.swift; sourceTree = "<group>"; };
		4E537F48216DC255001F97F1 /* LoginPageViewController.swift */ = {isa = PBXFileReference; lastKnownFileType = sourcecode.swift; path = LoginPageViewController.swift; sourceTree = "<group>"; };
		4E537F49216DC255001F97F1 /* LoginPageInteractor.swift */ = {isa = PBXFileReference; lastKnownFileType = sourcecode.swift; path = LoginPageInteractor.swift; sourceTree = "<group>"; };
		4E537F51217057B6001F97F1 /* Helper.swift */ = {isa = PBXFileReference; lastKnownFileType = sourcecode.swift; path = Helper.swift; sourceTree = "<group>"; };
		4E537F61217486EC001F97F1 /* SignupPagePresenter.swift */ = {isa = PBXFileReference; lastKnownFileType = sourcecode.swift; path = SignupPagePresenter.swift; sourceTree = "<group>"; };
		4E537F62217486EC001F97F1 /* SignupPageWorker.swift */ = {isa = PBXFileReference; lastKnownFileType = sourcecode.swift; path = SignupPageWorker.swift; sourceTree = "<group>"; };
		4E537F63217486EC001F97F1 /* SignupPageRouter.swift */ = {isa = PBXFileReference; lastKnownFileType = sourcecode.swift; path = SignupPageRouter.swift; sourceTree = "<group>"; };
		4E537F64217486EC001F97F1 /* SignupPageModels.swift */ = {isa = PBXFileReference; lastKnownFileType = sourcecode.swift; path = SignupPageModels.swift; sourceTree = "<group>"; };
		4E537F65217486EC001F97F1 /* SignupPageViewController.swift */ = {isa = PBXFileReference; lastKnownFileType = sourcecode.swift; path = SignupPageViewController.swift; sourceTree = "<group>"; };
		4E537F66217486EC001F97F1 /* SignupPageInteractor.swift */ = {isa = PBXFileReference; lastKnownFileType = sourcecode.swift; path = SignupPageInteractor.swift; sourceTree = "<group>"; };
		4E537F712175B43B001F97F1 /* LandingPagePresenter.swift */ = {isa = PBXFileReference; lastKnownFileType = sourcecode.swift; path = LandingPagePresenter.swift; sourceTree = "<group>"; };
		4E537F722175B43B001F97F1 /* LandingPageWorker.swift */ = {isa = PBXFileReference; lastKnownFileType = sourcecode.swift; path = LandingPageWorker.swift; sourceTree = "<group>"; };
		4E537F732175B43B001F97F1 /* LandingPageRouter.swift */ = {isa = PBXFileReference; lastKnownFileType = sourcecode.swift; path = LandingPageRouter.swift; sourceTree = "<group>"; };
		4E537F742175B43B001F97F1 /* LandingPageModels.swift */ = {isa = PBXFileReference; lastKnownFileType = sourcecode.swift; path = LandingPageModels.swift; sourceTree = "<group>"; };
		4E537F752175B43B001F97F1 /* LandingPageViewController.swift */ = {isa = PBXFileReference; lastKnownFileType = sourcecode.swift; path = LandingPageViewController.swift; sourceTree = "<group>"; };
		4E537F762175B43B001F97F1 /* LandingPageInteractor.swift */ = {isa = PBXFileReference; lastKnownFileType = sourcecode.swift; path = LandingPageInteractor.swift; sourceTree = "<group>"; };
		4E711F702192BE3200DD8743 /* TemplatesPagePresenter.swift */ = {isa = PBXFileReference; lastKnownFileType = sourcecode.swift; path = TemplatesPagePresenter.swift; sourceTree = "<group>"; };
		4E711F712192BE3200DD8743 /* TemplatesPageWorker.swift */ = {isa = PBXFileReference; lastKnownFileType = sourcecode.swift; path = TemplatesPageWorker.swift; sourceTree = "<group>"; };
		4E711F722192BE3200DD8743 /* TemplatesPageRouter.swift */ = {isa = PBXFileReference; lastKnownFileType = sourcecode.swift; path = TemplatesPageRouter.swift; sourceTree = "<group>"; };
		4E711F732192BE3200DD8743 /* TemplatesPageModels.swift */ = {isa = PBXFileReference; lastKnownFileType = sourcecode.swift; path = TemplatesPageModels.swift; sourceTree = "<group>"; };
		4E711F742192BE3200DD8743 /* TemplatesPageViewController.swift */ = {isa = PBXFileReference; lastKnownFileType = sourcecode.swift; path = TemplatesPageViewController.swift; sourceTree = "<group>"; };
		4E711F752192BE3200DD8743 /* TemplatesPageInteractor.swift */ = {isa = PBXFileReference; lastKnownFileType = sourcecode.swift; path = TemplatesPageInteractor.swift; sourceTree = "<group>"; };
		4E711F7C2192BE7700DD8743 /* TemplateCell.swift */ = {isa = PBXFileReference; lastKnownFileType = sourcecode.swift; path = TemplateCell.swift; sourceTree = "<group>"; };
		4E97CB41225BD82400FE6E52 /* DashboardPresenter.swift */ = {isa = PBXFileReference; lastKnownFileType = sourcecode.swift; path = DashboardPresenter.swift; sourceTree = "<group>"; };
		4E97CB42225BD82400FE6E52 /* DashboardWorker.swift */ = {isa = PBXFileReference; lastKnownFileType = sourcecode.swift; path = DashboardWorker.swift; sourceTree = "<group>"; };
		4E97CB43225BD82400FE6E52 /* DashboardRouter.swift */ = {isa = PBXFileReference; lastKnownFileType = sourcecode.swift; path = DashboardRouter.swift; sourceTree = "<group>"; };
		4E97CB44225BD82400FE6E52 /* DashboardModels.swift */ = {isa = PBXFileReference; lastKnownFileType = sourcecode.swift; path = DashboardModels.swift; sourceTree = "<group>"; };
		4E97CB45225BD82400FE6E52 /* DashboardViewController.swift */ = {isa = PBXFileReference; lastKnownFileType = sourcecode.swift; path = DashboardViewController.swift; sourceTree = "<group>"; };
		4E97CB46225BD82400FE6E52 /* DashboardInteractor.swift */ = {isa = PBXFileReference; lastKnownFileType = sourcecode.swift; path = DashboardInteractor.swift; sourceTree = "<group>"; };
		4E97CB4D225BDECE00FE6E52 /* DashboardCell.swift */ = {isa = PBXFileReference; lastKnownFileType = sourcecode.swift; path = DashboardCell.swift; sourceTree = "<group>"; };
		4EA68DA622196B7600D222B1 /* ProducivilityPagePresenter.swift */ = {isa = PBXFileReference; lastKnownFileType = sourcecode.swift; path = ProducivilityPagePresenter.swift; sourceTree = "<group>"; };
		4EA68DA722196B7600D222B1 /* ProducivilityPageWorker.swift */ = {isa = PBXFileReference; lastKnownFileType = sourcecode.swift; path = ProducivilityPageWorker.swift; sourceTree = "<group>"; };
		4EA68DA822196B7600D222B1 /* ProducivilityPageRouter.swift */ = {isa = PBXFileReference; lastKnownFileType = sourcecode.swift; path = ProducivilityPageRouter.swift; sourceTree = "<group>"; };
		4EA68DA922196B7600D222B1 /* ProducivilityPageModels.swift */ = {isa = PBXFileReference; lastKnownFileType = sourcecode.swift; path = ProducivilityPageModels.swift; sourceTree = "<group>"; };
		4EA68DAA22196B7600D222B1 /* ProducivilityPageViewController.swift */ = {isa = PBXFileReference; lastKnownFileType = sourcecode.swift; path = ProducivilityPageViewController.swift; sourceTree = "<group>"; };
		4EA68DAB22196B7600D222B1 /* ProducivilityPageInteractor.swift */ = {isa = PBXFileReference; lastKnownFileType = sourcecode.swift; path = ProducivilityPageInteractor.swift; sourceTree = "<group>"; };
		4EA68DB5223A2B4800D222B1 /* ChartsPresenter.swift */ = {isa = PBXFileReference; lastKnownFileType = sourcecode.swift; path = ChartsPresenter.swift; sourceTree = "<group>"; };
		4EA68DB6223A2B4800D222B1 /* ChartsWorker.swift */ = {isa = PBXFileReference; lastKnownFileType = sourcecode.swift; path = ChartsWorker.swift; sourceTree = "<group>"; };
		4EA68DB7223A2B4800D222B1 /* ChartsRouter.swift */ = {isa = PBXFileReference; lastKnownFileType = sourcecode.swift; path = ChartsRouter.swift; sourceTree = "<group>"; };
		4EA68DB8223A2B4800D222B1 /* ChartsModels.swift */ = {isa = PBXFileReference; lastKnownFileType = sourcecode.swift; path = ChartsModels.swift; sourceTree = "<group>"; };
		4EA68DB9223A2B4800D222B1 /* ChartsViewController.swift */ = {isa = PBXFileReference; lastKnownFileType = sourcecode.swift; path = ChartsViewController.swift; sourceTree = "<group>"; };
		4EA68DBA223A2B4800D222B1 /* ChartsInteractor.swift */ = {isa = PBXFileReference; lastKnownFileType = sourcecode.swift; path = ChartsInteractor.swift; sourceTree = "<group>"; };
		4ED34A1F217C744300471D20 /* InitProjectPresenter.swift */ = {isa = PBXFileReference; lastKnownFileType = sourcecode.swift; path = InitProjectPresenter.swift; sourceTree = "<group>"; };
		4ED34A20217C744300471D20 /* InitProjectWorker.swift */ = {isa = PBXFileReference; lastKnownFileType = sourcecode.swift; path = InitProjectWorker.swift; sourceTree = "<group>"; };
		4ED34A21217C744300471D20 /* InitProjectRouter.swift */ = {isa = PBXFileReference; lastKnownFileType = sourcecode.swift; path = InitProjectRouter.swift; sourceTree = "<group>"; };
		4ED34A22217C744300471D20 /* InitProjectModels.swift */ = {isa = PBXFileReference; lastKnownFileType = sourcecode.swift; path = InitProjectModels.swift; sourceTree = "<group>"; };
		4ED34A23217C744300471D20 /* InitProjectViewController.swift */ = {isa = PBXFileReference; lastKnownFileType = sourcecode.swift; path = InitProjectViewController.swift; sourceTree = "<group>"; };
		4ED34A24217C744300471D20 /* InitProjectInteractor.swift */ = {isa = PBXFileReference; lastKnownFileType = sourcecode.swift; path = InitProjectInteractor.swift; sourceTree = "<group>"; };
		4ED34A2E217C77D300471D20 /* InitSummaryPresenter.swift */ = {isa = PBXFileReference; lastKnownFileType = sourcecode.swift; path = InitSummaryPresenter.swift; sourceTree = "<group>"; };
		4ED34A2F217C77D300471D20 /* InitSummaryWorker.swift */ = {isa = PBXFileReference; lastKnownFileType = sourcecode.swift; path = InitSummaryWorker.swift; sourceTree = "<group>"; };
		4ED34A30217C77D300471D20 /* InitSummaryRouter.swift */ = {isa = PBXFileReference; lastKnownFileType = sourcecode.swift; path = InitSummaryRouter.swift; sourceTree = "<group>"; };
		4ED34A31217C77D300471D20 /* InitSummaryModels.swift */ = {isa = PBXFileReference; lastKnownFileType = sourcecode.swift; path = InitSummaryModels.swift; sourceTree = "<group>"; };
		4ED34A32217C77D300471D20 /* InitSummaryViewController.swift */ = {isa = PBXFileReference; lastKnownFileType = sourcecode.swift; path = InitSummaryViewController.swift; sourceTree = "<group>"; };
		4ED34A33217C77D300471D20 /* InitSummaryInteractor.swift */ = {isa = PBXFileReference; lastKnownFileType = sourcecode.swift; path = InitSummaryInteractor.swift; sourceTree = "<group>"; };
		4ED34A6021804B9D00471D20 /* AddingCell.swift */ = {isa = PBXFileReference; lastKnownFileType = sourcecode.swift; path = AddingCell.swift; sourceTree = "<group>"; };
		4ED34A6221804BB200471D20 /* StepCell.swift */ = {isa = PBXFileReference; lastKnownFileType = sourcecode.swift; path = StepCell.swift; sourceTree = "<group>"; };
		4ED34A652181C0B500471D20 /* AddProjectDefectsPresenter.swift */ = {isa = PBXFileReference; lastKnownFileType = sourcecode.swift; path = AddProjectDefectsPresenter.swift; sourceTree = "<group>"; };
		4ED34A662181C0B500471D20 /* AddProjectDefectsWorker.swift */ = {isa = PBXFileReference; lastKnownFileType = sourcecode.swift; path = AddProjectDefectsWorker.swift; sourceTree = "<group>"; };
		4ED34A672181C0B500471D20 /* AddProjectDefectsRouter.swift */ = {isa = PBXFileReference; lastKnownFileType = sourcecode.swift; path = AddProjectDefectsRouter.swift; sourceTree = "<group>"; };
		4ED34A682181C0B500471D20 /* AddProjectDefectsModels.swift */ = {isa = PBXFileReference; lastKnownFileType = sourcecode.swift; path = AddProjectDefectsModels.swift; sourceTree = "<group>"; };
		4ED34A692181C0B500471D20 /* AddProjectDefectsViewController.swift */ = {isa = PBXFileReference; lastKnownFileType = sourcecode.swift; path = AddProjectDefectsViewController.swift; sourceTree = "<group>"; };
		4ED34A6A2181C0B500471D20 /* AddProjectDefectsInteractor.swift */ = {isa = PBXFileReference; lastKnownFileType = sourcecode.swift; path = AddProjectDefectsInteractor.swift; sourceTree = "<group>"; };
		4ED34A712185B82300471D20 /* ProjectCell.swift */ = {isa = PBXFileReference; lastKnownFileType = sourcecode.swift; path = ProjectCell.swift; sourceTree = "<group>"; };
		4EDC04CF21878F2A0019DC07 /* ProjectPagePresenter.swift */ = {isa = PBXFileReference; lastKnownFileType = sourcecode.swift; path = ProjectPagePresenter.swift; sourceTree = "<group>"; };
		4EDC04D021878F2A0019DC07 /* ProjectPageWorker.swift */ = {isa = PBXFileReference; lastKnownFileType = sourcecode.swift; path = ProjectPageWorker.swift; sourceTree = "<group>"; };
		4EDC04D121878F2A0019DC07 /* ProjectPageRouter.swift */ = {isa = PBXFileReference; lastKnownFileType = sourcecode.swift; path = ProjectPageRouter.swift; sourceTree = "<group>"; };
		4EDC04D221878F2A0019DC07 /* ProjectPageModels.swift */ = {isa = PBXFileReference; lastKnownFileType = sourcecode.swift; path = ProjectPageModels.swift; sourceTree = "<group>"; };
		4EDC04D321878F2A0019DC07 /* ProjectPageViewController.swift */ = {isa = PBXFileReference; lastKnownFileType = sourcecode.swift; path = ProjectPageViewController.swift; sourceTree = "<group>"; };
		4EDC04D421878F2A0019DC07 /* ProjectPageInteractor.swift */ = {isa = PBXFileReference; lastKnownFileType = sourcecode.swift; path = ProjectPageInteractor.swift; sourceTree = "<group>"; };
		4EDC04DB218791B70019DC07 /* TaskCell.swift */ = {isa = PBXFileReference; lastKnownFileType = sourcecode.swift; path = TaskCell.swift; sourceTree = "<group>"; };
		789D09C625CC037AC096BACF /* Pods-Improcess.release.xcconfig */ = {isa = PBXFileReference; includeInIndex = 1; lastKnownFileType = text.xcconfig; name = "Pods-Improcess.release.xcconfig"; path = "Pods/Target Support Files/Pods-Improcess/Pods-Improcess.release.xcconfig"; sourceTree = "<group>"; };
		84851F7F64CC28BE7A5141BD /* Pods_Improcess.framework */ = {isa = PBXFileReference; explicitFileType = wrapper.framework; includeInIndex = 0; path = Pods_Improcess.framework; sourceTree = BUILT_PRODUCTS_DIR; };
/* End PBXFileReference section */

/* Begin PBXFrameworksBuildPhase section */
		4E452D76216C8C0F00BBCC34 /* Frameworks */ = {
			isa = PBXFrameworksBuildPhase;
			buildActionMask = 2147483647;
			files = (
				4E3CF27B21CBB55B00673C64 /* iOSDropDown.framework in Frameworks */,
				E6BDBCB2891A8731CA563E8A /* Pods_Improcess.framework in Frameworks */,
			);
			runOnlyForDeploymentPostprocessing = 0;
		};
/* End PBXFrameworksBuildPhase section */

/* Begin PBXGroup section */
		2DD06D10060AD45024894CE5 /* Pods */ = {
			isa = PBXGroup;
			children = (
				13EFEEE65834922F5DE4C06D /* Pods-Improcess.debug.xcconfig */,
				789D09C625CC037AC096BACF /* Pods-Improcess.release.xcconfig */,
			);
			name = Pods;
			sourceTree = "<group>";
		};
		4E2684A421C7FCF100B776D1 /* TaskPage */ = {
			isa = PBXGroup;
			children = (
				4E2684A521C7FD2300B776D1 /* TaskPagePresenter.swift */,
				4E2684A621C7FD2300B776D1 /* TaskPageWorker.swift */,
				4E2684A721C7FD2300B776D1 /* TaskPageRouter.swift */,
				4E2684A821C7FD2300B776D1 /* TaskPageModels.swift */,
				4E2684A921C7FD2300B776D1 /* TaskPageViewController.swift */,
				4E2684AA21C7FD2300B776D1 /* TaskPageInteractor.swift */,
				4E3CF28521CC096C00673C64 /* TaskModalController.swift */,
				4E3CF28421CC096C00673C64 /* TaskModalController.xib */,
				4E3CF27421CA7A0700673C64 /* PhraseCell.swift */,
				4E3CF27621CA7A1900673C64 /* MetricCell.swift */,
				4E032A4322003A8D00BB5C19 /* DefectModalController.xib */,
				4E032A4522003D4E00BB5C19 /* DefectModalController.swift */,
			);
			path = TaskPage;
			sourceTree = "<group>";
		};
		4E452D70216C8C0F00BBCC34 = {
			isa = PBXGroup;
			children = (
				4E452D7B216C8C0F00BBCC34 /* Improcess */,
				4E452D7A216C8C0F00BBCC34 /* Products */,
				2DD06D10060AD45024894CE5 /* Pods */,
				7D86F2E7F9830EFEABD05162 /* Frameworks */,
			);
			sourceTree = "<group>";
		};
		4E452D7A216C8C0F00BBCC34 /* Products */ = {
			isa = PBXGroup;
			children = (
				4E452D79216C8C0F00BBCC34 /* Improcess.app */,
			);
			name = Products;
			sourceTree = "<group>";
		};
		4E452D7B216C8C0F00BBCC34 /* Improcess */ = {
			isa = PBXGroup;
			children = (
				4E537F50216DC26A001F97F1 /* LoginPage */,
				4E537F60217486A7001F97F1 /* SignupPage */,
				4E537F702175B408001F97F1 /* LandingPage */,
				4ED34A1E217C740600471D20 /* AddProjectName */,
				4ED34A2B217C776A00471D20 /* AddProjectSummary */,
				4ED34A642181C06A00471D20 /* AddProjectDefects */,
				4E711F6F2192BE0400DD8743 /* TemplatesPage */,
				4EDC04CE21878EF50019DC07 /* ProjectPage */,
				4E2684A421C7FCF100B776D1 /* TaskPage */,
				4EA68DA522196B4F00D222B1 /* ProducivilityPage */,
				4EA68DB4223A2ADD00D222B1 /* DefectChartPage */,
				4E97CB40225BD7E400FE6E52 /* DashboardPage */,
				4E452D7C216C8C0F00BBCC34 /* AppDelegate.swift */,
				4E537F51217057B6001F97F1 /* Helper.swift */,
				4E452D82216C8C0F00BBCC34 /* Main.storyboard */,
				4E452D85216C8C1200BBCC34 /* Assets.xcassets */,
				4E452D87216C8C1200BBCC34 /* LaunchScreen.storyboard */,
				4E452D8A216C8C1300BBCC34 /* Info.plist */,
				4E452D90216C8CEB00BBCC34 /* GoogleService-Info.plist */,
			);
			path = Improcess;
			sourceTree = "<group>";
		};
		4E537F50216DC26A001F97F1 /* LoginPage */ = {
			isa = PBXGroup;
			children = (
				4E537F44216DC255001F97F1 /* LoginPagePresenter.swift */,
				4E537F45216DC255001F97F1 /* LoginPageWorker.swift */,
				4E537F46216DC255001F97F1 /* LoginPageRouter.swift */,
				4E537F47216DC255001F97F1 /* LoginPageModels.swift */,
				4E537F48216DC255001F97F1 /* LoginPageViewController.swift */,
				4E537F49216DC255001F97F1 /* LoginPageInteractor.swift */,
			);
			path = LoginPage;
			sourceTree = "<group>";
		};
		4E537F60217486A7001F97F1 /* SignupPage */ = {
			isa = PBXGroup;
			children = (
				4E537F61217486EC001F97F1 /* SignupPagePresenter.swift */,
				4E537F62217486EC001F97F1 /* SignupPageWorker.swift */,
				4E537F63217486EC001F97F1 /* SignupPageRouter.swift */,
				4E537F64217486EC001F97F1 /* SignupPageModels.swift */,
				4E537F65217486EC001F97F1 /* SignupPageViewController.swift */,
				4E537F66217486EC001F97F1 /* SignupPageInteractor.swift */,
			);
			path = SignupPage;
			sourceTree = "<group>";
		};
		4E537F702175B408001F97F1 /* LandingPage */ = {
			isa = PBXGroup;
			children = (
				4E537F712175B43B001F97F1 /* LandingPagePresenter.swift */,
				4E537F722175B43B001F97F1 /* LandingPageWorker.swift */,
				4E537F732175B43B001F97F1 /* LandingPageRouter.swift */,
				4E537F742175B43B001F97F1 /* LandingPageModels.swift */,
				4E537F752175B43B001F97F1 /* LandingPageViewController.swift */,
				4E537F762175B43B001F97F1 /* LandingPageInteractor.swift */,
				4ED34A712185B82300471D20 /* ProjectCell.swift */,
			);
			path = LandingPage;
			sourceTree = "<group>";
		};
		4E711F6F2192BE0400DD8743 /* TemplatesPage */ = {
			isa = PBXGroup;
			children = (
				4E711F702192BE3200DD8743 /* TemplatesPagePresenter.swift */,
				4E711F712192BE3200DD8743 /* TemplatesPageWorker.swift */,
				4E711F722192BE3200DD8743 /* TemplatesPageRouter.swift */,
				4E711F732192BE3200DD8743 /* TemplatesPageModels.swift */,
				4E711F742192BE3200DD8743 /* TemplatesPageViewController.swift */,
				4E711F752192BE3200DD8743 /* TemplatesPageInteractor.swift */,
				4E711F7C2192BE7700DD8743 /* TemplateCell.swift */,
			);
			path = TemplatesPage;
			sourceTree = "<group>";
		};
		4E97CB40225BD7E400FE6E52 /* DashboardPage */ = {
			isa = PBXGroup;
			children = (
				4E97CB41225BD82400FE6E52 /* DashboardPresenter.swift */,
				4E97CB42225BD82400FE6E52 /* DashboardWorker.swift */,
				4E97CB43225BD82400FE6E52 /* DashboardRouter.swift */,
				4E97CB44225BD82400FE6E52 /* DashboardModels.swift */,
				4E97CB45225BD82400FE6E52 /* DashboardViewController.swift */,
				4E97CB46225BD82400FE6E52 /* DashboardInteractor.swift */,
				4E97CB4D225BDECE00FE6E52 /* DashboardCell.swift */,
			);
			path = DashboardPage;
			sourceTree = "<group>";
		};
		4EA68DA522196B4F00D222B1 /* ProducivilityPage */ = {
			isa = PBXGroup;
			children = (
				4EA68DA622196B7600D222B1 /* ProducivilityPagePresenter.swift */,
				4EA68DA722196B7600D222B1 /* ProducivilityPageWorker.swift */,
				4EA68DA822196B7600D222B1 /* ProducivilityPageRouter.swift */,
				4EA68DA922196B7600D222B1 /* ProducivilityPageModels.swift */,
				4EA68DAA22196B7600D222B1 /* ProducivilityPageViewController.swift */,
				4EA68DAB22196B7600D222B1 /* ProducivilityPageInteractor.swift */,
			);
			path = ProducivilityPage;
			sourceTree = "<group>";
		};
		4EA68DB4223A2ADD00D222B1 /* DefectChartPage */ = {
			isa = PBXGroup;
			children = (
				4EA68DB5223A2B4800D222B1 /* ChartsPresenter.swift */,
				4EA68DB6223A2B4800D222B1 /* ChartsWorker.swift */,
				4EA68DB7223A2B4800D222B1 /* ChartsRouter.swift */,
				4EA68DB8223A2B4800D222B1 /* ChartsModels.swift */,
				4EA68DB9223A2B4800D222B1 /* ChartsViewController.swift */,
				4EA68DBA223A2B4800D222B1 /* ChartsInteractor.swift */,
			);
			path = DefectChartPage;
			sourceTree = "<group>";
		};
		4ED34A1E217C740600471D20 /* AddProjectName */ = {
			isa = PBXGroup;
			children = (
				4ED34A1F217C744300471D20 /* InitProjectPresenter.swift */,
				4ED34A20217C744300471D20 /* InitProjectWorker.swift */,
				4ED34A21217C744300471D20 /* InitProjectRouter.swift */,
				4ED34A22217C744300471D20 /* InitProjectModels.swift */,
				4ED34A23217C744300471D20 /* InitProjectViewController.swift */,
				4ED34A24217C744300471D20 /* InitProjectInteractor.swift */,
			);
			path = AddProjectName;
			sourceTree = "<group>";
		};
		4ED34A2B217C776A00471D20 /* AddProjectSummary */ = {
			isa = PBXGroup;
			children = (
				4ED34A2E217C77D300471D20 /* InitSummaryPresenter.swift */,
				4ED34A2F217C77D300471D20 /* InitSummaryWorker.swift */,
				4ED34A30217C77D300471D20 /* InitSummaryRouter.swift */,
				4ED34A31217C77D300471D20 /* InitSummaryModels.swift */,
				4ED34A32217C77D300471D20 /* InitSummaryViewController.swift */,
				4ED34A33217C77D300471D20 /* InitSummaryInteractor.swift */,
				4ED34A6021804B9D00471D20 /* AddingCell.swift */,
				4ED34A6221804BB200471D20 /* StepCell.swift */,
			);
			path = AddProjectSummary;
			sourceTree = "<group>";
		};
		4ED34A642181C06A00471D20 /* AddProjectDefects */ = {
			isa = PBXGroup;
			children = (
				4ED34A652181C0B500471D20 /* AddProjectDefectsPresenter.swift */,
				4ED34A662181C0B500471D20 /* AddProjectDefectsWorker.swift */,
				4ED34A672181C0B500471D20 /* AddProjectDefectsRouter.swift */,
				4ED34A682181C0B500471D20 /* AddProjectDefectsModels.swift */,
				4ED34A692181C0B500471D20 /* AddProjectDefectsViewController.swift */,
				4ED34A6A2181C0B500471D20 /* AddProjectDefectsInteractor.swift */,
			);
			path = AddProjectDefects;
			sourceTree = "<group>";
		};
		4EDC04CE21878EF50019DC07 /* ProjectPage */ = {
			isa = PBXGroup;
			children = (
				4EDC04CF21878F2A0019DC07 /* ProjectPagePresenter.swift */,
				4EDC04D021878F2A0019DC07 /* ProjectPageWorker.swift */,
				4EDC04D121878F2A0019DC07 /* ProjectPageRouter.swift */,
				4EDC04D221878F2A0019DC07 /* ProjectPageModels.swift */,
				4EDC04D321878F2A0019DC07 /* ProjectPageViewController.swift */,
				4EDC04D421878F2A0019DC07 /* ProjectPageInteractor.swift */,
				4EDC04DB218791B70019DC07 /* TaskCell.swift */,
				4E2D8303227451A800CA778A /* CreateTaskCell.swift */,
			);
			path = ProjectPage;
			sourceTree = "<group>";
		};
		7D86F2E7F9830EFEABD05162 /* Frameworks */ = {
			isa = PBXGroup;
			children = (
				4E3CF27A21CBB55B00673C64 /* iOSDropDown.framework */,
				84851F7F64CC28BE7A5141BD /* Pods_Improcess.framework */,
			);
			name = Frameworks;
			sourceTree = "<group>";
		};
/* End PBXGroup section */

/* Begin PBXNativeTarget section */
		4E452D78216C8C0F00BBCC34 /* Improcess */ = {
			isa = PBXNativeTarget;
			buildConfigurationList = 4E452D8D216C8C1300BBCC34 /* Build configuration list for PBXNativeTarget "Improcess" */;
			buildPhases = (
				24673D587770D075DDF4E212 /* [CP] Check Pods Manifest.lock */,
				4E452D75216C8C0F00BBCC34 /* Sources */,
				4E452D76216C8C0F00BBCC34 /* Frameworks */,
				4E452D77216C8C0F00BBCC34 /* Resources */,
				399B7F42BA1D85E41695A464 /* [CP] Embed Pods Frameworks */,
			);
			buildRules = (
			);
			dependencies = (
			);
			name = Improcess;
			productName = Improcess;
			productReference = 4E452D79216C8C0F00BBCC34 /* Improcess.app */;
			productType = "com.apple.product-type.application";
		};
/* End PBXNativeTarget section */

/* Begin PBXProject section */
		4E452D71216C8C0F00BBCC34 /* Project object */ = {
			isa = PBXProject;
			attributes = {
				LastSwiftUpdateCheck = 0940;
				LastUpgradeCheck = 0940;
				ORGANIZATIONNAME = "Kittitat Boonkarn";
				TargetAttributes = {
					4E452D78216C8C0F00BBCC34 = {
						CreatedOnToolsVersion = 9.4.1;
						LastSwiftMigration = 1000;
					};
				};
			};
			buildConfigurationList = 4E452D74216C8C0F00BBCC34 /* Build configuration list for PBXProject "Improcess" */;
			compatibilityVersion = "Xcode 9.3";
			developmentRegion = en;
			hasScannedForEncodings = 0;
			knownRegions = (
				en,
				Base,
			);
			mainGroup = 4E452D70216C8C0F00BBCC34;
			productRefGroup = 4E452D7A216C8C0F00BBCC34 /* Products */;
			projectDirPath = "";
			projectRoot = "";
			targets = (
				4E452D78216C8C0F00BBCC34 /* Improcess */,
			);
		};
/* End PBXProject section */

/* Begin PBXResourcesBuildPhase section */
		4E452D77216C8C0F00BBCC34 /* Resources */ = {
			isa = PBXResourcesBuildPhase;
			buildActionMask = 2147483647;
			files = (
				4E452D89216C8C1200BBCC34 /* LaunchScreen.storyboard in Resources */,
				4E452D91216C8CEB00BBCC34 /* GoogleService-Info.plist in Resources */,
				4E452D86216C8C1200BBCC34 /* Assets.xcassets in Resources */,
				4E452D84216C8C0F00BBCC34 /* Main.storyboard in Resources */,
				4E032A4422003A8D00BB5C19 /* DefectModalController.xib in Resources */,
				4E3CF28621CC096C00673C64 /* TaskModalController.xib in Resources */,
			);
			runOnlyForDeploymentPostprocessing = 0;
		};
/* End PBXResourcesBuildPhase section */

/* Begin PBXShellScriptBuildPhase section */
		24673D587770D075DDF4E212 /* [CP] Check Pods Manifest.lock */ = {
			isa = PBXShellScriptBuildPhase;
			buildActionMask = 2147483647;
			files = (
			);
			inputPaths = (
				"${PODS_PODFILE_DIR_PATH}/Podfile.lock",
				"${PODS_ROOT}/Manifest.lock",
			);
			name = "[CP] Check Pods Manifest.lock";
			outputPaths = (
				"$(DERIVED_FILE_DIR)/Pods-Improcess-checkManifestLockResult.txt",
			);
			runOnlyForDeploymentPostprocessing = 0;
			shellPath = /bin/sh;
			shellScript = "diff \"${PODS_PODFILE_DIR_PATH}/Podfile.lock\" \"${PODS_ROOT}/Manifest.lock\" > /dev/null\nif [ $? != 0 ] ; then\n    # print error to STDERR\n    echo \"error: The sandbox is not in sync with the Podfile.lock. Run 'pod install' or update your CocoaPods installation.\" >&2\n    exit 1\nfi\n# This output is used by Xcode 'outputs' to avoid re-running this script phase.\necho \"SUCCESS\" > \"${SCRIPT_OUTPUT_FILE_0}\"\n";
			showEnvVarsInLog = 0;
		};
		399B7F42BA1D85E41695A464 /* [CP] Embed Pods Frameworks */ = {
			isa = PBXShellScriptBuildPhase;
			buildActionMask = 2147483647;
			files = (
			);
			inputPaths = (
				"${SRCROOT}/Pods/Target Support Files/Pods-Improcess/Pods-Improcess-frameworks.sh",
				"${BUILT_PRODUCTS_DIR}/Charts/Charts.framework",
				"${BUILT_PRODUCTS_DIR}/DynamicBlurView/DynamicBlurView.framework",
				"${BUILT_PRODUCTS_DIR}/GTMSessionFetcher/GTMSessionFetcher.framework",
				"${BUILT_PRODUCTS_DIR}/GoogleUtilities/GoogleUtilities.framework",
				"${BUILT_PRODUCTS_DIR}/Kingfisher/Kingfisher.framework",
				"${BUILT_PRODUCTS_DIR}/PopupDialog/PopupDialog.framework",
				"${BUILT_PRODUCTS_DIR}/iOSDropDown/iOSDropDown.framework",
				"${BUILT_PRODUCTS_DIR}/leveldb-library/leveldb.framework",
				"${BUILT_PRODUCTS_DIR}/nanopb/nanopb.framework",
			);
			name = "[CP] Embed Pods Frameworks";
			outputPaths = (
				"${TARGET_BUILD_DIR}/${FRAMEWORKS_FOLDER_PATH}/Charts.framework",
				"${TARGET_BUILD_DIR}/${FRAMEWORKS_FOLDER_PATH}/DynamicBlurView.framework",
				"${TARGET_BUILD_DIR}/${FRAMEWORKS_FOLDER_PATH}/GTMSessionFetcher.framework",
				"${TARGET_BUILD_DIR}/${FRAMEWORKS_FOLDER_PATH}/GoogleUtilities.framework",
				"${TARGET_BUILD_DIR}/${FRAMEWORKS_FOLDER_PATH}/Kingfisher.framework",
				"${TARGET_BUILD_DIR}/${FRAMEWORKS_FOLDER_PATH}/PopupDialog.framework",
				"${TARGET_BUILD_DIR}/${FRAMEWORKS_FOLDER_PATH}/iOSDropDown.framework",
				"${TARGET_BUILD_DIR}/${FRAMEWORKS_FOLDER_PATH}/leveldb.framework",
				"${TARGET_BUILD_DIR}/${FRAMEWORKS_FOLDER_PATH}/nanopb.framework",
			);
			runOnlyForDeploymentPostprocessing = 0;
			shellPath = /bin/sh;
			shellScript = "\"${SRCROOT}/Pods/Target Support Files/Pods-Improcess/Pods-Improcess-frameworks.sh\"\n";
			showEnvVarsInLog = 0;
		};
/* End PBXShellScriptBuildPhase section */

/* Begin PBXSourcesBuildPhase section */
		4E452D75216C8C0F00BBCC34 /* Sources */ = {
			isa = PBXSourcesBuildPhase;
			buildActionMask = 2147483647;
			files = (
				4E537F7A2175B43C001F97F1 /* LandingPageModels.swift in Sources */,
				4ED34A28217C744300471D20 /* InitProjectModels.swift in Sources */,
				4EDC04D621878F2A0019DC07 /* ProjectPageWorker.swift in Sources */,
				4E537F68217486EC001F97F1 /* SignupPageWorker.swift in Sources */,
				4E537F4B216DC255001F97F1 /* LoginPageWorker.swift in Sources */,
				4ED34A37217C77D300471D20 /* InitSummaryModels.swift in Sources */,
				4E2684AF21C7FD2300B776D1 /* TaskPageViewController.swift in Sources */,
				4EA68DBD223A2B4800D222B1 /* ChartsRouter.swift in Sources */,
				4ED34A27217C744300471D20 /* InitProjectRouter.swift in Sources */,
				4EA68DAC22196B7600D222B1 /* ProducivilityPagePresenter.swift in Sources */,
				4E537F69217486EC001F97F1 /* SignupPageRouter.swift in Sources */,
				4E97CB4B225BD82400FE6E52 /* DashboardViewController.swift in Sources */,
				4E711F792192BE3200DD8743 /* TemplatesPageModels.swift in Sources */,
				4ED34A702181C0B500471D20 /* AddProjectDefectsInteractor.swift in Sources */,
				4ED34A35217C77D300471D20 /* InitSummaryWorker.swift in Sources */,
				4EA68DAE22196B7600D222B1 /* ProducivilityPageRouter.swift in Sources */,
				4E032A4622003D4E00BB5C19 /* DefectModalController.swift in Sources */,
				4E3CF27521CA7A0700673C64 /* PhraseCell.swift in Sources */,
				4ED34A36217C77D300471D20 /* InitSummaryRouter.swift in Sources */,
				4E537F4C216DC255001F97F1 /* LoginPageRouter.swift in Sources */,
				4E537F4D216DC255001F97F1 /* LoginPageModels.swift in Sources */,
				4E3CF27721CA7A1900673C64 /* MetricCell.swift in Sources */,
				4ED34A34217C77D300471D20 /* InitSummaryPresenter.swift in Sources */,
				4ED34A722185B82300471D20 /* ProjectCell.swift in Sources */,
				4E97CB4A225BD82400FE6E52 /* DashboardModels.swift in Sources */,
				4E537F4A216DC255001F97F1 /* LoginPagePresenter.swift in Sources */,
				4E97CB48225BD82400FE6E52 /* DashboardWorker.swift in Sources */,
				4EA68DBE223A2B4800D222B1 /* ChartsModels.swift in Sources */,
				4E711F7A2192BE3200DD8743 /* TemplatesPageViewController.swift in Sources */,
				4E537F782175B43C001F97F1 /* LandingPageWorker.swift in Sources */,
				4EA68DC0223A2B4800D222B1 /* ChartsInteractor.swift in Sources */,
				4E537F67217486EC001F97F1 /* SignupPagePresenter.swift in Sources */,
				4ED34A6B2181C0B500471D20 /* AddProjectDefectsPresenter.swift in Sources */,
				4E711F782192BE3200DD8743 /* TemplatesPageRouter.swift in Sources */,
				4EDC04DA21878F2A0019DC07 /* ProjectPageInteractor.swift in Sources */,
				4E2684AE21C7FD2300B776D1 /* TaskPageModels.swift in Sources */,
				4E711F762192BE3200DD8743 /* TemplatesPagePresenter.swift in Sources */,
				4ED34A6E2181C0B500471D20 /* AddProjectDefectsModels.swift in Sources */,
				4ED34A6C2181C0B500471D20 /* AddProjectDefectsWorker.swift in Sources */,
				4E537F7B2175B43C001F97F1 /* LandingPageViewController.swift in Sources */,
				4E711F7B2192BE3200DD8743 /* TemplatesPageInteractor.swift in Sources */,
				4E537F4F216DC255001F97F1 /* LoginPageInteractor.swift in Sources */,
				4E537F6A217486EC001F97F1 /* SignupPageModels.swift in Sources */,
				4E2684AC21C7FD2300B776D1 /* TaskPageWorker.swift in Sources */,
				4E711F772192BE3200DD8743 /* TemplatesPageWorker.swift in Sources */,
				4E2684AD21C7FD2300B776D1 /* TaskPageRouter.swift in Sources */,
				4EA68DBC223A2B4800D222B1 /* ChartsWorker.swift in Sources */,
				4E537F4E216DC255001F97F1 /* LoginPageViewController.swift in Sources */,
				4EDC04D921878F2A0019DC07 /* ProjectPageViewController.swift in Sources */,
				4ED34A39217C77D300471D20 /* InitSummaryInteractor.swift in Sources */,
				4EDC04DC218791B70019DC07 /* TaskCell.swift in Sources */,
				4E537F792175B43C001F97F1 /* LandingPageRouter.swift in Sources */,
				4E97CB4C225BD82400FE6E52 /* DashboardInteractor.swift in Sources */,
				4EDC04D721878F2A0019DC07 /* ProjectPageRouter.swift in Sources */,
				4E3CF28721CC096C00673C64 /* TaskModalController.swift in Sources */,
				4E452D7D216C8C0F00BBCC34 /* AppDelegate.swift in Sources */,
				4E537F772175B43C001F97F1 /* LandingPagePresenter.swift in Sources */,
				4ED34A6F2181C0B500471D20 /* AddProjectDefectsViewController.swift in Sources */,
				4EDC04D521878F2A0019DC07 /* ProjectPagePresenter.swift in Sources */,
				4ED34A6321804BB200471D20 /* StepCell.swift in Sources */,
				4E97CB49225BD82400FE6E52 /* DashboardRouter.swift in Sources */,
				4EA68DAF22196B7600D222B1 /* ProducivilityPageModels.swift in Sources */,
				4EA68DBB223A2B4800D222B1 /* ChartsPresenter.swift in Sources */,
				4EA68DBF223A2B4800D222B1 /* ChartsViewController.swift in Sources */,
				4E2684AB21C7FD2300B776D1 /* TaskPagePresenter.swift in Sources */,
				4E711F7D2192BE7700DD8743 /* TemplateCell.swift in Sources */,
				4ED34A25217C744300471D20 /* InitProjectPresenter.swift in Sources */,
				4ED34A29217C744300471D20 /* InitProjectViewController.swift in Sources */,
				4ED34A2A217C744300471D20 /* InitProjectInteractor.swift in Sources */,
				4EDC04D821878F2A0019DC07 /* ProjectPageModels.swift in Sources */,
				4E97CB4E225BDECE00FE6E52 /* DashboardCell.swift in Sources */,
				4E97CB47225BD82400FE6E52 /* DashboardPresenter.swift in Sources */,
				4ED34A6121804B9D00471D20 /* AddingCell.swift in Sources */,
				4E2D8304227451A800CA778A /* CreateTaskCell.swift in Sources */,
				4E537F6C217486EC001F97F1 /* SignupPageInteractor.swift in Sources */,
				4E537F52217057B6001F97F1 /* Helper.swift in Sources */,
				4EA68DB122196B7600D222B1 /* ProducivilityPageInteractor.swift in Sources */,
				4E537F6B217486EC001F97F1 /* SignupPageViewController.swift in Sources */,
				4ED34A38217C77D300471D20 /* InitSummaryViewController.swift in Sources */,
				4ED34A6D2181C0B500471D20 /* AddProjectDefectsRouter.swift in Sources */,
				4E2684B021C7FD2300B776D1 /* TaskPageInteractor.swift in Sources */,
				4EA68DAD22196B7600D222B1 /* ProducivilityPageWorker.swift in Sources */,
				4E537F7C2175B43C001F97F1 /* LandingPageInteractor.swift in Sources */,
				4ED34A26217C744300471D20 /* InitProjectWorker.swift in Sources */,
				4EA68DB022196B7600D222B1 /* ProducivilityPageViewController.swift in Sources */,
			);
			runOnlyForDeploymentPostprocessing = 0;
		};
/* End PBXSourcesBuildPhase section */

/* Begin PBXVariantGroup section */
		4E452D82216C8C0F00BBCC34 /* Main.storyboard */ = {
			isa = PBXVariantGroup;
			children = (
				4E452D83216C8C0F00BBCC34 /* Base */,
			);
			name = Main.storyboard;
			sourceTree = "<group>";
		};
		4E452D87216C8C1200BBCC34 /* LaunchScreen.storyboard */ = {
			isa = PBXVariantGroup;
			children = (
				4E452D88216C8C1200BBCC34 /* Base */,
			);
			name = LaunchScreen.storyboard;
			sourceTree = "<group>";
		};
/* End PBXVariantGroup section */

/* Begin XCBuildConfiguration section */
		4E452D8B216C8C1300BBCC34 /* Debug */ = {
			isa = XCBuildConfiguration;
			buildSettings = {
				ALWAYS_SEARCH_USER_PATHS = NO;
				CLANG_ANALYZER_NONNULL = YES;
				CLANG_ANALYZER_NUMBER_OBJECT_CONVERSION = YES_AGGRESSIVE;
				CLANG_CXX_LANGUAGE_STANDARD = "gnu++14";
				CLANG_CXX_LIBRARY = "libc++";
				CLANG_ENABLE_MODULES = YES;
				CLANG_ENABLE_OBJC_ARC = YES;
				CLANG_ENABLE_OBJC_WEAK = YES;
				CLANG_WARN_BLOCK_CAPTURE_AUTORELEASING = YES;
				CLANG_WARN_BOOL_CONVERSION = YES;
				CLANG_WARN_COMMA = YES;
				CLANG_WARN_CONSTANT_CONVERSION = YES;
				CLANG_WARN_DEPRECATED_OBJC_IMPLEMENTATIONS = YES;
				CLANG_WARN_DIRECT_OBJC_ISA_USAGE = YES_ERROR;
				CLANG_WARN_DOCUMENTATION_COMMENTS = YES;
				CLANG_WARN_EMPTY_BODY = YES;
				CLANG_WARN_ENUM_CONVERSION = YES;
				CLANG_WARN_INFINITE_RECURSION = YES;
				CLANG_WARN_INT_CONVERSION = YES;
				CLANG_WARN_NON_LITERAL_NULL_CONVERSION = YES;
				CLANG_WARN_OBJC_IMPLICIT_RETAIN_SELF = YES;
				CLANG_WARN_OBJC_LITERAL_CONVERSION = YES;
				CLANG_WARN_OBJC_ROOT_CLASS = YES_ERROR;
				CLANG_WARN_RANGE_LOOP_ANALYSIS = YES;
				CLANG_WARN_STRICT_PROTOTYPES = YES;
				CLANG_WARN_SUSPICIOUS_MOVE = YES;
				CLANG_WARN_UNGUARDED_AVAILABILITY = YES_AGGRESSIVE;
				CLANG_WARN_UNREACHABLE_CODE = YES;
				CLANG_WARN__DUPLICATE_METHOD_MATCH = YES;
				CODE_SIGN_IDENTITY = "iPhone Developer";
				COPY_PHASE_STRIP = NO;
				DEBUG_INFORMATION_FORMAT = dwarf;
				ENABLE_STRICT_OBJC_MSGSEND = YES;
				ENABLE_TESTABILITY = YES;
				GCC_C_LANGUAGE_STANDARD = gnu11;
				GCC_DYNAMIC_NO_PIC = NO;
				GCC_NO_COMMON_BLOCKS = YES;
				GCC_OPTIMIZATION_LEVEL = 0;
				GCC_PREPROCESSOR_DEFINITIONS = (
					"DEBUG=1",
					"$(inherited)",
				);
				GCC_WARN_64_TO_32_BIT_CONVERSION = YES;
				GCC_WARN_ABOUT_RETURN_TYPE = YES_ERROR;
				GCC_WARN_UNDECLARED_SELECTOR = YES;
				GCC_WARN_UNINITIALIZED_AUTOS = YES_AGGRESSIVE;
				GCC_WARN_UNUSED_FUNCTION = YES;
				GCC_WARN_UNUSED_VARIABLE = YES;
				IPHONEOS_DEPLOYMENT_TARGET = 11.4;
				MTL_ENABLE_DEBUG_INFO = YES;
				ONLY_ACTIVE_ARCH = YES;
				SDKROOT = iphoneos;
				SWIFT_ACTIVE_COMPILATION_CONDITIONS = DEBUG;
				SWIFT_OPTIMIZATION_LEVEL = "-Onone";
			};
			name = Debug;
		};
		4E452D8C216C8C1300BBCC34 /* Release */ = {
			isa = XCBuildConfiguration;
			buildSettings = {
				ALWAYS_SEARCH_USER_PATHS = NO;
				CLANG_ANALYZER_NONNULL = YES;
				CLANG_ANALYZER_NUMBER_OBJECT_CONVERSION = YES_AGGRESSIVE;
				CLANG_CXX_LANGUAGE_STANDARD = "gnu++14";
				CLANG_CXX_LIBRARY = "libc++";
				CLANG_ENABLE_MODULES = YES;
				CLANG_ENABLE_OBJC_ARC = YES;
				CLANG_ENABLE_OBJC_WEAK = YES;
				CLANG_WARN_BLOCK_CAPTURE_AUTORELEASING = YES;
				CLANG_WARN_BOOL_CONVERSION = YES;
				CLANG_WARN_COMMA = YES;
				CLANG_WARN_CONSTANT_CONVERSION = YES;
				CLANG_WARN_DEPRECATED_OBJC_IMPLEMENTATIONS = YES;
				CLANG_WARN_DIRECT_OBJC_ISA_USAGE = YES_ERROR;
				CLANG_WARN_DOCUMENTATION_COMMENTS = YES;
				CLANG_WARN_EMPTY_BODY = YES;
				CLANG_WARN_ENUM_CONVERSION = YES;
				CLANG_WARN_INFINITE_RECURSION = YES;
				CLANG_WARN_INT_CONVERSION = YES;
				CLANG_WARN_NON_LITERAL_NULL_CONVERSION = YES;
				CLANG_WARN_OBJC_IMPLICIT_RETAIN_SELF = YES;
				CLANG_WARN_OBJC_LITERAL_CONVERSION = YES;
				CLANG_WARN_OBJC_ROOT_CLASS = YES_ERROR;
				CLANG_WARN_RANGE_LOOP_ANALYSIS = YES;
				CLANG_WARN_STRICT_PROTOTYPES = YES;
				CLANG_WARN_SUSPICIOUS_MOVE = YES;
				CLANG_WARN_UNGUARDED_AVAILABILITY = YES_AGGRESSIVE;
				CLANG_WARN_UNREACHABLE_CODE = YES;
				CLANG_WARN__DUPLICATE_METHOD_MATCH = YES;
				CODE_SIGN_IDENTITY = "iPhone Developer";
				COPY_PHASE_STRIP = NO;
				DEBUG_INFORMATION_FORMAT = "dwarf-with-dsym";
				ENABLE_NS_ASSERTIONS = NO;
				ENABLE_STRICT_OBJC_MSGSEND = YES;
				GCC_C_LANGUAGE_STANDARD = gnu11;
				GCC_NO_COMMON_BLOCKS = YES;
				GCC_WARN_64_TO_32_BIT_CONVERSION = YES;
				GCC_WARN_ABOUT_RETURN_TYPE = YES_ERROR;
				GCC_WARN_UNDECLARED_SELECTOR = YES;
				GCC_WARN_UNINITIALIZED_AUTOS = YES_AGGRESSIVE;
				GCC_WARN_UNUSED_FUNCTION = YES;
				GCC_WARN_UNUSED_VARIABLE = YES;
				IPHONEOS_DEPLOYMENT_TARGET = 11.4;
				MTL_ENABLE_DEBUG_INFO = NO;
				SDKROOT = iphoneos;
				SWIFT_COMPILATION_MODE = wholemodule;
				SWIFT_OPTIMIZATION_LEVEL = "-O";
				VALIDATE_PRODUCT = YES;
			};
			name = Release;
		};
		4E452D8E216C8C1300BBCC34 /* Debug */ = {
			isa = XCBuildConfiguration;
			baseConfigurationReference = 13EFEEE65834922F5DE4C06D /* Pods-Improcess.debug.xcconfig */;
			buildSettings = {
				ASSETCATALOG_COMPILER_APPICON_NAME = AppIcon;
				CODE_SIGN_STYLE = Automatic;
				DEVELOPMENT_TEAM = G9M3M89XSF;
				INFOPLIST_FILE = Improcess/Info.plist;
				LD_RUNPATH_SEARCH_PATHS = (
					"$(inherited)",
					"@executable_path/Frameworks",
				);
				PRODUCT_BUNDLE_IDENTIFIER = final.Improcess;
				PRODUCT_NAME = "$(TARGET_NAME)";
				SWIFT_VERSION = 4.2;
				TARGETED_DEVICE_FAMILY = "1,2";
			};
			name = Debug;
		};
		4E452D8F216C8C1300BBCC34 /* Release */ = {
			isa = XCBuildConfiguration;
			baseConfigurationReference = 789D09C625CC037AC096BACF /* Pods-Improcess.release.xcconfig */;
			buildSettings = {
				ASSETCATALOG_COMPILER_APPICON_NAME = AppIcon;
				CODE_SIGN_STYLE = Automatic;
				DEVELOPMENT_TEAM = G9M3M89XSF;
				INFOPLIST_FILE = Improcess/Info.plist;
				LD_RUNPATH_SEARCH_PATHS = (
					"$(inherited)",
					"@executable_path/Frameworks",
				);
				PRODUCT_BUNDLE_IDENTIFIER = final.Improcess;
				PRODUCT_NAME = "$(TARGET_NAME)";
				SWIFT_VERSION = 4.2;
				TARGETED_DEVICE_FAMILY = "1,2";
			};
			name = Release;
		};
/* End XCBuildConfiguration section */

/* Begin XCConfigurationList section */
		4E452D74216C8C0F00BBCC34 /* Build configuration list for PBXProject "Improcess" */ = {
			isa = XCConfigurationList;
			buildConfigurations = (
				4E452D8B216C8C1300BBCC34 /* Debug */,
				4E452D8C216C8C1300BBCC34 /* Release */,
			);
			defaultConfigurationIsVisible = 0;
			defaultConfigurationName = Release;
		};
		4E452D8D216C8C1300BBCC34 /* Build configuration list for PBXNativeTarget "Improcess" */ = {
			isa = XCConfigurationList;
			buildConfigurations = (
				4E452D8E216C8C1300BBCC34 /* Debug */,
				4E452D8F216C8C1300BBCC34 /* Release */,
			);
			defaultConfigurationIsVisible = 0;
			defaultConfigurationName = Release;
		};
/* End XCConfigurationList section */
	};
	rootObject = 4E452D71216C8C0F00BBCC34 /* Project object */;
}
